{
  "name": "nixpkgs-vet",
  "version": "0.3.0",
  "lockfileVersion": 3,
  "requires": true,
  "packages": {
    "": {
      "name": "nixpkgs-vet",
      "version": "0.3.0",
      "devDependencies": {
        "@changesets/changelog-github": "^0.6.0"
      }
    },
    "node_modules/@changesets/changelog-github": {
      "version": "0.6.0",
      "resolved": "https://registry.npmjs.org/@changesets/changelog-github/-/changelog-github-0.6.0.tgz",
      "integrity": "sha512-wA2/y4hR/A1K411cCT75rz0d46Iezxp1WYRFoFJDIUpkQ6oDBAIUiU7BZkDCmYgz0NBl94X1lgcZO+mHoiHnFg==",
      "dev": true,
      "license": "MIT",
      "dependencies": {
        "@changesets/get-github-info": "^0.8.0",
        "@changesets/types": "^6.1.0",
        "dotenv": "^8.1.0"
      }
    },
    "node_modules/@changesets/get-github-info": {
      "version": "0.8.0",
      "resolved": "https://registry.npmjs.org/@changesets/get-github-info/-/get-github-info-0.8.0.tgz",
      "integrity": "sha512-cRnC+xdF0JIik7coko3iUP9qbnfi1iJQ3sAa6dE+Tx3+ET8bjFEm63PA4WEohgjYcmsOikPHWzPsMWWiZmntOQ==",
      "dev": true,
      "license": "MIT",
      "dependencies": {
        "dataloader": "^1.4.0",
        "node-fetch": "^2.5.0"
      }
    },
    "node_modules/@changesets/types": {
      "version": "6.1.0",
      "resolved": "https://registry.npmjs.org/@changesets/types/-/types-6.1.0.tgz",
      "integrity": "sha512-rKQcJ+o1nKNgeoYRHKOS07tAMNd3YSN0uHaJOZYjBAgxfV7TUE7JE+z4BzZdQwb5hKaYbayKN5KrYV7ODb2rAA==",
      "dev": true,
      "license": "MIT"
    },
    "node_modules/dataloader": {
      "version": "1.4.0",
      "resolved": "https://registry.npmjs.org/dataloader/-/dataloader-1.4.0.tgz",
      "integrity": "sha512-68s5jYdlvasItOJnCuI2Q9s4q98g0pCyL3HrcKJu8KNugUl8ahgmZYg38ysLTgQjjXX3H8CJLkAvWrclWfcalw==",
      "dev": true,
      "license": "BSD-3-Clause"
    },
    "node_modules/dotenv": {
      "version": "8.6.0",
      "resolved": "https://registry.npmjs.org/dotenv/-/dotenv-8.6.0.tgz",
      "integrity": "sha512-IrPdXQsk2BbzvCBGBOTmmSH5SodmqZNt4ERAZDmW4CT+tL8VtvinqywuANaFu4bOMWki16nqf0e4oC0QIaDr/g==",
      "dev": true,
      "license": "BSD-2-Clause",
      "engines": {
        "node": ">=10"
      }
    },
    "node_modules/node-fetch": {
      "version": "2.7.0",
      "resolved": "https://registry.npmjs.org/node-fetch/-/node-fetch-2.7.0.tgz",
      "integrity": "sha512-c4FRfUm/dbcWZ7U+1Wq0AwCyFL+3nt2bEw05wfxSz+DWpWsitgmSgYmy2dQdWyKC1694ELPqMs/YzUSNozLt8A==",
      "dev": true,
      "license": "MIT",
      "dependencies": {
        "whatwg-url": "^5.0.0"
      },
      "engines": {
        "node": "4.x || >=6.0.0"
      },
      "peerDependencies": {
        "encoding": "^0.1.0"
      },
      "peerDependenciesMeta": {
        "encoding": {
          "optional": true
        }
      }
    },
    "node_modules/tr46": {
      "version": "0.0.3",
      "resolved": "https://registry.npmjs.org/tr46/-/tr46-0.0.3.tgz",
      "integrity": "sha512-N3WMsuqV66lT30CrXNbEjx4GEwlow3v6rr4mCcv6prnfwhS01rkgyFdjPNBYd9br7LpXV1+Emh01fHnq2Gdgrw==",
      "dev": true,
      "license": "MIT"
    },
    "node_modules/webidl-conversions": {
      "version": "3.0.1",
      "resolved": "https://registry.npmjs.org/webidl-conversions/-/webidl-conversions-3.0.1.tgz",
      "integrity": "sha512-2JAn3z8AR6rjK8Sm8orRC0h/bcl/DqL7tRPdGZ4I1CjdF+EaMLmYxBHyXuKL849eucPFhvBoxMsflfOb8kxaeQ==",
      "dev": true,
      "license": "BSD-2-Clause"
    },
    "node_modules/whatwg-url": {
      "version": "5.0.0",
      "resolved": "https://registry.npmjs.org/whatwg-url/-/whatwg-url-5.0.0.tgz",
      "integrity": "sha512-saE57nupxk6v3HY35+jzBwYa0rKSy0XR8JSxZPwgLr7ys0IBzhGviA1/TUGJLmSVqs8pb9AnvICXEuOHLprYTw==",
      "dev": true,
      "license": "MIT",
      "dependencies": {
        "tr46": "~0.0.3",
        "webidl-conversions": "^3.0.0"
      }
    }
  }
}
